
Microsoft Visual Studio Solution File, Format Version 12.00
# Visual Studio Version 17
VisualStudioVersion = 17.5.002.0
MinimumVisualStudioVersion = 10.0.40219.1
Project("{2150E333-8FDC-42A3-9474-1A3956D46DE8}") = "libraries", "libraries", "{07E89F36-CC75-443E-80B9-690D8512F4BE}"
EndProject
Project("{2150E333-8FDC-42A3-9474-1A3956D46DE8}") = "azure-iot-sdk-c", "azure-iot-sdk-c", "{75DD6A50-4030-41EE-A1BF-A1F6544AE337}"
EndProject
Project("{2150E333-8FDC-42A3-9474-1A3956D46DE8}") = "uamqp", "uamqp", "{8D5684E7-9D00-4AD2-A52A-4F7671B23376}"
EndProject
Project("{9A19103F-16F7-4668-BE54-9A1E7A4F7556}") = "uamqp_generator", "libraries\azure-iot-sdk-c\uamqp\uamqp_generator\uamqp_generator.csproj", "{754EF5C7-0390-4C9A-B71B-4BEE2E36384D}"
EndProject
Project("{2150E333-8FDC-42A3-9474-1A3956D46DE8}") = "c-utility", "c-utility", "{CE767842-5458-4041-A030-6CF32FD759FC}"
EndProject
Project("{2150E333-8FDC-42A3-9474-1A3956D46DE8}") = "tools", "tools", "{1142EB7A-BA35-4D83-ACE9-2E91A9A1F81E}"
EndProject
Project("{9A19103F-16F7-4668-BE54-9A1E7A4F7556}") = "compilembed", "libraries\azure-iot-sdk-c\c-utility\tools\compilembed\compilembed.csproj", "{2DC3B524-B80D-48EA-BCC1-0096FF2A95B9}"
EndProject
Project("{2150E333-8FDC-42A3-9474-1A3956D46DE8}") = "deps", "deps", "{C6B5D956-4E7A-423D-A7AD-921904CC5DB9}"
EndProject
Project("{2150E333-8FDC-42A3-9474-1A3956D46DE8}") = "azure-macro-utils-c", "azure-macro-utils-c", "{1F3E72CE-281C-487B-AB0A-B5EFA7124006}"
EndProject
Project("{9A19103F-16F7-4668-BE54-9A1E7A4F7556}") = "macro_utils_h_generator", "libraries\azure-iot-sdk-c\deps\azure-macro-utils-c\macro_utils_h_generator\macro_utils_h_generator.csproj", "{A0060D09-417A-4CF2-BD63-22F1933E90FA}"
EndProject
Project("{2150E333-8FDC-42A3-9474-1A3956D46DE8}") = "tools", "tools", "{E9C2B494-2000-4249-8CC6-EAF4583E09C0}"
EndProject
Project("{2150E333-8FDC-42A3-9474-1A3956D46DE8}") = "traceabilitytool", "traceabilitytool", "{1E92E99A-3CCF-4D7D-9D54-6BEF7179E6A6}"
EndProject
Project("{9A19103F-16F7-4668-BE54-9A1E7A4F7556}") = "traceabilitytool", "libraries\azure-iot-sdk-c\tools\traceabilitytool\traceability_tool\traceabilitytool.csproj", "{A29DCF1E-51A8-40F7-90AB-BEE303F96AB6}"
EndProject
Project("{2150E333-8FDC-42A3-9474-1A3956D46DE8}") = "testtools", "testtools", "{D37A4D1C-CC80-4055-BD9A-A1CDF14F3F5B}"
EndProject
Project("{2150E333-8FDC-42A3-9474-1A3956D46DE8}") = "SerialPort", "SerialPort", "{E650F1D9-D7E8-4D6F-90B8-E109FA223D70}"
EndProject
Project("{9A19103F-16F7-4668-BE54-9A1E7A4F7556}") = "SerialPort", "libraries\azure-iot-sdk-c\c-utility\testtools\SerialPort\SerialPort\SerialPort.csproj", "{8F3B2C37-EDDF-42B7-A648-743167D4F2A8}"
EndProject
Project("{2150E333-8FDC-42A3-9474-1A3956D46DE8}") = "provisioning_client", "provisioning_client", "{5C32511F-C531-4072-B43C-D8F52F3320BE}"
EndProject
Project("{2150E333-8FDC-42A3-9474-1A3956D46DE8}") = "deps", "deps", "{B035FB21-0068-474D-8615-A62A5D6806E5}"
EndProject
Project("{2150E333-8FDC-42A3-9474-1A3956D46DE8}") = "RIoT", "RIoT", "{EB2BBCDA-61AF-436D-AFFA-D57DD0B0B32E}"
EndProject
Project("{2150E333-8FDC-42A3-9474-1A3956D46DE8}") = "Tools", "Tools", "{D5A76565-5A6F-4911-A3FB-C88D8844677A}"
EndProject
Project("{9A19103F-16F7-4668-BE54-9A1E7A4F7556}") = "DICETest", "libraries\azure-iot-sdk-c\provisioning_client\deps\RIoT\Tools\DICETest\DICETest.csproj", "{DB06F1DA-71A4-4392-A05B-316FEB9A6204}"
EndProject
Project("{9A19103F-16F7-4668-BE54-9A1E7A4F7556}") = "RIoT", "libraries\azure-iot-sdk-c\provisioning_client\deps\RIoT\Tools\RIoT\RIoT.csproj", "{C1B46C7E-3A10-44C0-9DB4-845FEC981D4F}"
EndProject
Project("{9A19103F-16F7-4668-BE54-9A1E7A4F7556}") = "RIoTDemo", "libraries\azure-iot-sdk-c\provisioning_client\deps\RIoT\Tools\RIoTDemo\RIoTDemo.csproj", "{135A79E2-D510-41F5-890A-686EDA307901}"
EndProject
Project("{2150E333-8FDC-42A3-9474-1A3956D46DE8}") = "pico-sdk", "pico-sdk", "{2BDB1516-9421-4355-B3C5-74C9C901B086}"
EndProject
Project("{2150E333-8FDC-42A3-9474-1A3956D46DE8}") = "lib", "lib", "{293B3672-1790-456A-BE25-6FE01DF534C9}"
EndProject
Project("{2150E333-8FDC-42A3-9474-1A3956D46DE8}") = "lwip", "lwip", "{6EA4F199-2014-4A5F-9934-98BA6C10AE5A}"
EndProject
Project("{2150E333-8FDC-42A3-9474-1A3956D46DE8}") = "contrib", "contrib", "{74EAA622-A51A-4905-96BA-974376C2D856}"
EndProject
Project("{2150E333-8FDC-42A3-9474-1A3956D46DE8}") = "apps", "apps", "{14816F40-2E1C-4A75-862A-01515857899B}"
EndProject
Project("{2150E333-8FDC-42A3-9474-1A3956D46DE8}") = "LwipMibCompiler", "LwipMibCompiler", "{32F3469A-BAF9-4141-A58F-F46A80C6F6F6}"
EndProject
Project("{9A19103F-16F7-4668-BE54-9A1E7A4F7556}") = "CCodeGeneration", "pico-sdk\lib\lwip\contrib\apps\LwipMibCompiler\CCodeGeneration\CCodeGeneration.csproj", "{1F66C964-984D-4A1D-9711-DBCBDCEB2A3A}"
EndProject
Project("{9A19103F-16F7-4668-BE54-9A1E7A4F7556}") = "LwipMibCompiler", "pico-sdk\lib\lwip\contrib\apps\LwipMibCompiler\LwipMibCompiler\LwipMibCompiler.csproj", "{ED948DF8-0A22-4C45-B103-753D67096DC0}"
EndProject
Project("{9A19103F-16F7-4668-BE54-9A1E7A4F7556}") = "LwipSnmpCodeGeneration", "pico-sdk\lib\lwip\contrib\apps\LwipMibCompiler\LwipSnmpCodeGeneration\LwipSnmpCodeGeneration.csproj", "{80C27BC7-EDF1-4308-8E5E-AEFDE48D362D}"
EndProject
Project("{9A19103F-16F7-4668-BE54-9A1E7A4F7556}") = "MibViewer", "pico-sdk\lib\lwip\contrib\apps\LwipMibCompiler\MibViewer\MibViewer.csproj", "{29C60A13-E440-4A93-BBBF-3C2F47C9A934}"
EndProject
Project("{9A19103F-16F7-4668-BE54-9A1E7A4F7556}") = "SharpSnmpLib.Mib", "pico-sdk\lib\lwip\contrib\apps\LwipMibCompiler\SharpSnmpLib\SharpSnmpLib.Mib.csproj", "{57CE6841-4CE9-4454-B168-50BA89AC092A}"
EndProject
Project("{2150E333-8FDC-42A3-9474-1A3956D46DE8}") = "Pkgs", "Pkgs", "{AE298C4D-A34B-479F-881D-9E1DF666A635}"
EndProject
Project("{2150E333-8FDC-42A3-9474-1A3956D46DE8}") = "NuGet", "NuGet", "{547A675F-4EB4-4C38-BEE6-5EAF0B32FC6C}"
EndProject
Project("{2150E333-8FDC-42A3-9474-1A3956D46DE8}") = "DiceRiotEmulator", "DiceRiotEmulator", "{F4D09EB4-78E9-4545-8C34-FAA6E69D0B11}"
EndProject
Project("{9A19103F-16F7-4668-BE54-9A1E7A4F7556}") = "DiceRiotEmulator", "libraries\azure-iot-sdk-c\provisioning_client\deps\RIoT\Pkgs\NuGet\DiceRiotEmulator\DiceRiotEmulator\DiceRiotEmulator.csproj", "{C1D243CF-3A09-4021-853C-7B5FE13E97C6}"
EndProject
Project("{2150E333-8FDC-42A3-9474-1A3956D46DE8}") = "DiceRiotTst", "DiceRiotTst", "{A0E54E68-9BC5-4C9B-98A3-ADA8B18A9D78}"
EndProject
Project("{9A19103F-16F7-4668-BE54-9A1E7A4F7556}") = "drtester", "libraries\azure-iot-sdk-c\provisioning_client\deps\RIoT\Pkgs\NuGet\DiceRiotTst\drtester\drtester.csproj", "{5DF0ECE5-D015-4F08-8662-85652B908D96}"
EndProject
Global
	GlobalSection(SolutionConfigurationPlatforms) = preSolution
		Debug|Any CPU = Debug|Any CPU
		Release|Any CPU = Release|Any CPU
	EndGlobalSection
	GlobalSection(ProjectConfigurationPlatforms) = postSolution
		{754EF5C7-0390-4C9A-B71B-4BEE2E36384D}.Debug|Any CPU.ActiveCfg = Debug|Any CPU
		{754EF5C7-0390-4C9A-B71B-4BEE2E36384D}.Debug|Any CPU.Build.0 = Debug|Any CPU
		{754EF5C7-0390-4C9A-B71B-4BEE2E36384D}.Release|Any CPU.ActiveCfg = Release|Any CPU
		{754EF5C7-0390-4C9A-B71B-4BEE2E36384D}.Release|Any CPU.Build.0 = Release|Any CPU
		{2DC3B524-B80D-48EA-BCC1-0096FF2A95B9}.Debug|Any CPU.ActiveCfg = Debug|Any CPU
		{2DC3B524-B80D-48EA-BCC1-0096FF2A95B9}.Debug|Any CPU.Build.0 = Debug|Any CPU
		{2DC3B524-B80D-48EA-BCC1-0096FF2A95B9}.Release|Any CPU.ActiveCfg = Release|Any CPU
		{2DC3B524-B80D-48EA-BCC1-0096FF2A95B9}.Release|Any CPU.Build.0 = Release|Any CPU
		{A0060D09-417A-4CF2-BD63-22F1933E90FA}.Debug|Any CPU.ActiveCfg = Debug|Any CPU
		{A0060D09-417A-4CF2-BD63-22F1933E90FA}.Debug|Any CPU.Build.0 = Debug|Any CPU
		{A0060D09-417A-4CF2-BD63-22F1933E90FA}.Release|Any CPU.ActiveCfg = Release|Any CPU
		{A0060D09-417A-4CF2-BD63-22F1933E90FA}.Release|Any CPU.Build.0 = Release|Any CPU
		{A29DCF1E-51A8-40F7-90AB-BEE303F96AB6}.Debug|Any CPU.ActiveCfg = Debug|Any CPU
		{A29DCF1E-51A8-40F7-90AB-BEE303F96AB6}.Debug|Any CPU.Build.0 = Debug|Any CPU
		{A29DCF1E-51A8-40F7-90AB-BEE303F96AB6}.Release|Any CPU.ActiveCfg = Release|Any CPU
		{A29DCF1E-51A8-40F7-90AB-BEE303F96AB6}.Release|Any CPU.Build.0 = Release|Any CPU
		{8F3B2C37-EDDF-42B7-A648-743167D4F2A8}.Debug|Any CPU.ActiveCfg = Debug|Any CPU
		{8F3B2C37-EDDF-42B7-A648-743167D4F2A8}.Debug|Any CPU.Build.0 = Debug|Any CPU
		{8F3B2C37-EDDF-42B7-A648-743167D4F2A8}.Release|Any CPU.ActiveCfg = Release|Any CPU
		{8F3B2C37-EDDF-42B7-A648-743167D4F2A8}.Release|Any CPU.Build.0 = Release|Any CPU
		{DB06F1DA-71A4-4392-A05B-316FEB9A6204}.Debug|Any CPU.ActiveCfg = Debug|Any CPU
		{DB06F1DA-71A4-4392-A05B-316FEB9A6204}.Debug|Any CPU.Build.0 = Debug|Any CPU
		{DB06F1DA-71A4-4392-A05B-316FEB9A6204}.Release|Any CPU.ActiveCfg = Release|Any CPU
		{DB06F1DA-71A4-4392-A05B-316FEB9A6204}.Release|Any CPU.Build.0 = Release|Any CPU
		{C1B46C7E-3A10-44C0-9DB4-845FEC981D4F}.Debug|Any CPU.ActiveCfg = Debug|Any CPU
		{C1B46C7E-3A10-44C0-9DB4-845FEC981D4F}.Debug|Any CPU.Build.0 = Debug|Any CPU
		{C1B46C7E-3A10-44C0-9DB4-845FEC981D4F}.Release|Any CPU.ActiveCfg = Release|Any CPU
		{C1B46C7E-3A10-44C0-9DB4-845FEC981D4F}.Release|Any CPU.Build.0 = Release|Any CPU
		{135A79E2-D510-41F5-890A-686EDA307901}.Debug|Any CPU.ActiveCfg = Debug|Any CPU
		{135A79E2-D510-41F5-890A-686EDA307901}.Debug|Any CPU.Build.0 = Debug|Any CPU
		{135A79E2-D510-41F5-890A-686EDA307901}.Release|Any CPU.ActiveCfg = Release|Any CPU
		{135A79E2-D510-41F5-890A-686EDA307901}.Release|Any CPU.Build.0 = Release|Any CPU
		{1F66C964-984D-4A1D-9711-DBCBDCEB2A3A}.Debug|Any CPU.ActiveCfg = Debug|Any CPU
		{1F66C964-984D-4A1D-9711-DBCBDCEB2A3A}.Debug|Any CPU.Build.0 = Debug|Any CPU
		{1F66C964-984D-4A1D-9711-DBCBDCEB2A3A}.Release|Any CPU.ActiveCfg = Release|Any CPU
		{1F66C964-984D-4A1D-9711-DBCBDCEB2A3A}.Release|Any CPU.Build.0 = Release|Any CPU
		{ED948DF8-0A22-4C45-B103-753D67096DC0}.Debug|Any CPU.ActiveCfg = Debug|Any CPU
		{ED948DF8-0A22-4C45-B103-753D67096DC0}.Debug|Any CPU.Build.0 = Debug|Any CPU
		{ED948DF8-0A22-4C45-B103-753D67096DC0}.Release|Any CPU.ActiveCfg = Release|Any CPU
		{ED948DF8-0A22-4C45-B103-753D67096DC0}.Release|Any CPU.Build.0 = Release|Any CPU
		{80C27BC7-EDF1-4308-8E5E-AEFDE48D362D}.Debug|Any CPU.ActiveCfg = Debug|Any CPU
		{80C27BC7-EDF1-4308-8E5E-AEFDE48D362D}.Debug|Any CPU.Build.0 = Debug|Any CPU
		{80C27BC7-EDF1-4308-8E5E-AEFDE48D362D}.Release|Any CPU.ActiveCfg = Release|Any CPU
		{80C27BC7-EDF1-4308-8E5E-AEFDE48D362D}.Release|Any CPU.Build.0 = Release|Any CPU
		{29C60A13-E440-4A93-BBBF-3C2F47C9A934}.Debug|Any CPU.ActiveCfg = Debug|Any CPU
		{29C60A13-E440-4A93-BBBF-3C2F47C9A934}.Debug|Any CPU.Build.0 = Debug|Any CPU
		{29C60A13-E440-4A93-BBBF-3C2F47C9A934}.Release|Any CPU.ActiveCfg = Release|Any CPU
		{29C60A13-E440-4A93-BBBF-3C2F47C9A934}.Release|Any CPU.Build.0 = Release|Any CPU
		{57CE6841-4CE9-4454-B168-50BA89AC092A}.Debug|Any CPU.ActiveCfg = Debug|Any CPU
		{57CE6841-4CE9-4454-B168-50BA89AC092A}.Debug|Any CPU.Build.0 = Debug|Any CPU
		{57CE6841-4CE9-4454-B168-50BA89AC092A}.Release|Any CPU.ActiveCfg = Release|Any CPU
		{57CE6841-4CE9-4454-B168-50BA89AC092A}.Release|Any CPU.Build.0 = Release|Any CPU
		{C1D243CF-3A09-4021-853C-7B5FE13E97C6}.Debug|Any CPU.ActiveCfg = Debug|Any CPU
		{C1D243CF-3A09-4021-853C-7B5FE13E97C6}.Debug|Any CPU.Build.0 = Debug|Any CPU
		{C1D243CF-3A09-4021-853C-7B5FE13E97C6}.Release|Any CPU.ActiveCfg = Release|Any CPU
		{C1D243CF-3A09-4021-853C-7B5FE13E97C6}.Release|Any CPU.Build.0 = Release|Any CPU
		{5DF0ECE5-D015-4F08-8662-85652B908D96}.Debug|Any CPU.ActiveCfg = Debug|Any CPU
		{5DF0ECE5-D015-4F08-8662-85652B908D96}.Debug|Any CPU.Build.0 = Debug|Any CPU
		{5DF0ECE5-D015-4F08-8662-85652B908D96}.Release|Any CPU.ActiveCfg = Release|Any CPU
		{5DF0ECE5-D015-4F08-8662-85652B908D96}.Release|Any CPU.Build.0 = Release|Any CPU
	EndGlobalSection
	GlobalSection(SolutionProperties) = preSolution
		HideSolutionNode = FALSE
	EndGlobalSection
	GlobalSection(NestedProjects) = preSolution
		{75DD6A50-4030-41EE-A1BF-A1F6544AE337} = {07E89F36-CC75-443E-80B9-690D8512F4BE}
		{8D5684E7-9D00-4AD2-A52A-4F7671B23376} = {75DD6A50-4030-41EE-A1BF-A1F6544AE337}
		{754EF5C7-0390-4C9A-B71B-4BEE2E36384D} = {8D5684E7-9D00-4AD2-A52A-4F7671B23376}
		{CE767842-5458-4041-A030-6CF32FD759FC} = {75DD6A50-4030-41EE-A1BF-A1F6544AE337}
		{1142EB7A-BA35-4D83-ACE9-2E91A9A1F81E} = {CE767842-5458-4041-A030-6CF32FD759FC}
		{2DC3B524-B80D-48EA-BCC1-0096FF2A95B9} = {1142EB7A-BA35-4D83-ACE9-2E91A9A1F81E}
		{C6B5D956-4E7A-423D-A7AD-921904CC5DB9} = {75DD6A50-4030-41EE-A1BF-A1F6544AE337}
		{1F3E72CE-281C-487B-AB0A-B5EFA7124006} = {C6B5D956-4E7A-423D-A7AD-921904CC5DB9}
		{A0060D09-417A-4CF2-BD63-22F1933E90FA} = {1F3E72CE-281C-487B-AB0A-B5EFA7124006}
		{E9C2B494-2000-4249-8CC6-EAF4583E09C0} = {75DD6A50-4030-41EE-A1BF-A1F6544AE337}
		{1E92E99A-3CCF-4D7D-9D54-6BEF7179E6A6} = {E9C2B494-2000-4249-8CC6-EAF4583E09C0}
		{A29DCF1E-51A8-40F7-90AB-BEE303F96AB6} = {1E92E99A-3CCF-4D7D-9D54-6BEF7179E6A6}
		{D37A4D1C-CC80-4055-BD9A-A1CDF14F3F5B} = {CE767842-5458-4041-A030-6CF32FD759FC}
		{E650F1D9-D7E8-4D6F-90B8-E109FA223D70} = {D37A4D1C-CC80-4055-BD9A-A1CDF14F3F5B}
		{8F3B2C37-EDDF-42B7-A648-743167D4F2A8} = {E650F1D9-D7E8-4D6F-90B8-E109FA223D70}
		{5C32511F-C531-4072-B43C-D8F52F3320BE} = {75DD6A50-4030-41EE-A1BF-A1F6544AE337}
		{B035FB21-0068-474D-8615-A62A5D6806E5} = {5C32511F-C531-4072-B43C-D8F52F3320BE}
		{EB2BBCDA-61AF-436D-AFFA-D57DD0B0B32E} = {B035FB21-0068-474D-8615-A62A5D6806E5}
		{D5A76565-5A6F-4911-A3FB-C88D8844677A} = {EB2BBCDA-61AF-436D-AFFA-D57DD0B0B32E}
		{DB06F1DA-71A4-4392-A05B-316FEB9A6204} = {D5A76565-5A6F-4911-A3FB-C88D8844677A}
		{C1B46C7E-3A10-44C0-9DB4-845FEC981D4F} = {D5A76565-5A6F-4911-A3FB-C88D8844677A}
		{135A79E2-D510-41F5-890A-686EDA307901} = {D5A76565-5A6F-4911-A3FB-C88D8844677A}
		{293B3672-1790-456A-BE25-6FE01DF534C9} = {2BDB1516-9421-4355-B3C5-74C9C901B086}
		{6EA4F199-2014-4A5F-9934-98BA6C10AE5A} = {293B3672-1790-456A-BE25-6FE01DF534C9}
		{74EAA622-A51A-4905-96BA-974376C2D856} = {6EA4F199-2014-4A5F-9934-98BA6C10AE5A}
		{14816F40-2E1C-4A75-862A-01515857899B} = {74EAA622-A51A-4905-96BA-974376C2D856}
		{32F3469A-BAF9-4141-A58F-F46A80C6F6F6} = {14816F40-2E1C-4A75-862A-01515857899B}
		{1F66C964-984D-4A1D-9711-DBCBDCEB2A3A} = {32F3469A-BAF9-4141-A58F-F46A80C6F6F6}
		{ED948DF8-0A22-4C45-B103-753D67096DC0} = {32F3469A-BAF9-4141-A58F-F46A80C6F6F6}
		{80C27BC7-EDF1-4308-8E5E-AEFDE48D362D} = {32F3469A-BAF9-4141-A58F-F46A80C6F6F6}
		{29C60A13-E440-4A93-BBBF-3C2F47C9A934} = {32F3469A-BAF9-4141-A58F-F46A80C6F6F6}
		{57CE6841-4CE9-4454-B168-50BA89AC092A} = {32F3469A-BAF9-4141-A58F-F46A80C6F6F6}
		{AE298C4D-A34B-479F-881D-9E1DF666A635} = {EB2BBCDA-61AF-436D-AFFA-D57DD0B0B32E}
		{547A675F-4EB4-4C38-BEE6-5EAF0B32FC6C} = {AE298C4D-A34B-479F-881D-9E1DF666A635}
		{F4D09EB4-78E9-4545-8C34-FAA6E69D0B11} = {547A675F-4EB4-4C38-BEE6-5EAF0B32FC6C}
		{C1D243CF-3A09-4021-853C-7B5FE13E97C6} = {F4D09EB4-78E9-4545-8C34-FAA6E69D0B11}
		{A0E54E68-9BC5-4C9B-98A3-ADA8B18A9D78} = {547A675F-4EB4-4C38-BEE6-5EAF0B32FC6C}
		{5DF0ECE5-D015-4F08-8662-85652B908D96} = {A0E54E68-9BC5-4C9B-98A3-ADA8B18A9D78}
	EndGlobalSection
	GlobalSection(ExtensibilityGlobals) = postSolution
		SolutionGuid = {3282A1DC-781C-4D44-92D5-2556C337B97F}
	EndGlobalSection
EndGlobal
